
Microsoft Visual Studio Solution File, Format Version 12.00
# Visual Studio Version 17
VisualStudioVersion = 17.3.32825.248
MinimumVisualStudioVersion = 10.0.40219.1
Project("{8BC9CEB8-8B4A-11D0-8D11-00A0C91BC942}") = "main.proj", "main.proj\main.proj.vcxproj", "{F8FE4D36-7123-487A-99F3-2C96294FC826}"
EndProject
Global
	GlobalSection(SolutionConfigurationPlatforms) = preSolution
		Debug|x64 = Debug|x64
		Debug|x86 = Debug|x86
		Release|x64 = Release|x64
		Release|x86 = Release|x86
	EndGlobalSection
	GlobalSection(ProjectConfigurationPlatforms) = postSolution
		{F8FE4D36-7123-487A-99F3-2C96294FC826}.Debug|x64.ActiveCfg = Debug|x64
		{F8FE4D36-7123-487A-99F3-2C96294FC826}.Debug|x64.Build.0 = Debug|x64
		{F8FE4D36-7123-487A-99F3-2C96294FC826}.Debug|x86.ActiveCfg = Debug|Win32
		{F8FE4D36-7123-487A-99F3-2C96294FC826}.Debug|x86.Build.0 = Debug|Win32
		{F8FE4D36-7123-487A-99F3-2C96294FC826}.Release|x64.ActiveCfg = Release|x64
		{F8FE4D36-7123-487A-99F3-2C96294FC826}.Release|x64.Build.0 = Release|x64
		{F8FE4D36-7123-487A-99F3-2C96294FC826}.Release|x86.ActiveCfg = Release|Win32
		{F8FE4D36-7123-487A-99F3-2C96294FC826}.Release|x86.Build.0 = Release|Win32
	EndGlobalSection
	GlobalSection(SolutionProperties) = preSolution
		HideSolutionNode = FALSE
	EndGlobalSection
	GlobalSection(ExtensibilityGlobals) = postSolution
		SolutionGuid = {EF0D7ABD-DDC9-4C18-BA9A-E57346665441}
	EndGlobalSection
EndGlobal
